{
  "requires": true,
  "lockfileVersion": 1,
  "dependencies": {
    "base64-cryptocurrency-icons": {
      "version": "1.1.20",
      "resolved": "https://registry.npmjs.org/base64-cryptocurrency-icons/-/base64-cryptocurrency-icons-1.1.20.tgz",
      "integrity": "sha512-3MFEUkwiFrWOxQEdeyvSyN7OZ73xD4d4geOuOgDsYLHpU4pgGXxkKR/yOxUJfMUTIp0CUBzY1Xt7eylNPFhxZQ=="
    }
  }
}
